
Microsoft Visual Studio Solution File, Format Version 12.00
# Visual Studio 15
VisualStudioVersion = 15.0.28307.852
MinimumVisualStudioVersion = 10.0.40219.1
Project("{FAE04EC0-301F-11D3-BF4B-00C04F79EFBC}") = "Laboratoria 2", "Laboratoria 2\Laboratoria 2.csproj", "{7C3A801B-563B-458F-8E88-B42F705FAC05}"
EndProject
Global
	GlobalSection(SolutionConfigurationPlatforms) = preSolution
		Debug|Any CPU = Debug|Any CPU
		Release|Any CPU = Release|Any CPU
	EndGlobalSection
	GlobalSection(ProjectConfigurationPlatforms) = postSolution
		{7C3A801B-563B-458F-8E88-B42F705FAC05}.Debug|Any CPU.ActiveCfg = Debug|Any CPU
		{7C3A801B-563B-458F-8E88-B42F705FAC05}.Debug|Any CPU.Build.0 = Debug|Any CPU
		{7C3A801B-563B-458F-8E88-B42F705FAC05}.Release|Any CPU.ActiveCfg = Release|Any CPU
		{7C3A801B-563B-458F-8E88-B42F705FAC05}.Release|Any CPU.Build.0 = Release|Any CPU
	EndGlobalSection
	GlobalSection(SolutionProperties) = preSolution
		HideSolutionNode = FALSE
	EndGlobalSection
	GlobalSection(ExtensibilityGlobals) = postSolution
		SolutionGuid = {9AF16FD7-21B9-4122-8B27-598FA9A4F3B6}
	EndGlobalSection
EndGlobal
